
Microsoft Visual Studio Solution File, Format Version 12.00
# Visual Studio 15
VisualStudioVersion = 15.0.28307.329
MinimumVisualStudioVersion = 10.0.40219.1
Project("{FAE04EC0-301F-11D3-BF4B-00C04F79EFBC}") = "KeyTalkExample", "KeyTalkExample\KeyTalkExample.csproj", "{ED9F16E4-D787-48BA-A4A6-7111C64F0B14}"
EndProject
Project("{FAE04EC0-301F-11D3-BF4B-00C04F79EFBC}") = "KeyTalkExample.Tests", "KeyTalkExample.Tests\KeyTalkExample.Tests.csproj", "{F48E2C34-CEA9-4D43-8A94-CD2071C777E5}"
EndProject
Project("{E53339B2-1760-4266-BCC7-CA923CBCF16C}") = "docker-compose", "docker-compose.dcproj", "{6852332B-DF13-4CF4-8416-33B7D35C0CD9}"
EndProject
Global
	GlobalSection(SolutionConfigurationPlatforms) = preSolution
		Debug|Any CPU = Debug|Any CPU
		Release|Any CPU = Release|Any CPU
	EndGlobalSection
	GlobalSection(ProjectConfigurationPlatforms) = postSolution
		{ED9F16E4-D787-48BA-A4A6-7111C64F0B14}.Debug|Any CPU.ActiveCfg = Debug|Any CPU
		{ED9F16E4-D787-48BA-A4A6-7111C64F0B14}.Debug|Any CPU.Build.0 = Debug|Any CPU
		{ED9F16E4-D787-48BA-A4A6-7111C64F0B14}.Release|Any CPU.ActiveCfg = Release|Any CPU
		{ED9F16E4-D787-48BA-A4A6-7111C64F0B14}.Release|Any CPU.Build.0 = Release|Any CPU
		{F48E2C34-CEA9-4D43-8A94-CD2071C777E5}.Debug|Any CPU.ActiveCfg = Debug|Any CPU
		{F48E2C34-CEA9-4D43-8A94-CD2071C777E5}.Debug|Any CPU.Build.0 = Debug|Any CPU
		{F48E2C34-CEA9-4D43-8A94-CD2071C777E5}.Release|Any CPU.ActiveCfg = Release|Any CPU
		{F48E2C34-CEA9-4D43-8A94-CD2071C777E5}.Release|Any CPU.Build.0 = Release|Any CPU
		{6852332B-DF13-4CF4-8416-33B7D35C0CD9}.Debug|Any CPU.ActiveCfg = Debug|Any CPU
		{6852332B-DF13-4CF4-8416-33B7D35C0CD9}.Debug|Any CPU.Build.0 = Debug|Any CPU
		{6852332B-DF13-4CF4-8416-33B7D35C0CD9}.Release|Any CPU.ActiveCfg = Release|Any CPU
		{6852332B-DF13-4CF4-8416-33B7D35C0CD9}.Release|Any CPU.Build.0 = Release|Any CPU
	EndGlobalSection
	GlobalSection(SolutionProperties) = preSolution
		HideSolutionNode = FALSE
	EndGlobalSection
	GlobalSection(ExtensibilityGlobals) = postSolution
		SolutionGuid = {B6B8929A-E0BC-49DB-BF4C-B2E5732CDAA0}
	EndGlobalSection
EndGlobal
